
Microsoft Visual Studio Solution File, Format Version 12.00
# Visual Studio 14
VisualStudioVersion = 14.0.25420.1
MinimumVisualStudioVersion = 10.0.40219.1
Project("{FAE04EC0-301F-11D3-BF4B-00C04F79EFBC}") = "Schooler", "Schooler\Schooler\Schooler.csproj", "{B0DF4885-F357-43D5-8694-4AB5E57DADB9}"
EndProject
Project("{FAE04EC0-301F-11D3-BF4B-00C04F79EFBC}") = "Schooler.Droid", "Schooler\Schooler.Droid\Schooler.Droid.csproj", "{5DB35497-817E-4A54-8AEC-FFA4982D49A2}"
EndProject
Project("{FAE04EC0-301F-11D3-BF4B-00C04F79EFBC}") = "Schooler.UWP", "Schooler\Schooler.UWP\Schooler.UWP.csproj", "{0016D832-4497-4AD4-AC0C-5F716E17F5DE}"
EndProject
Project("{FAE04EC0-301F-11D3-BF4B-00C04F79EFBC}") = "Schooler.Windows", "Schooler\Schooler.Windows\Schooler.Windows.csproj", "{07C1E33D-14BC-4D0F-91C8-2B06E8C573CE}"
EndProject
Global
	GlobalSection(SolutionConfigurationPlatforms) = preSolution
		Ad-Hoc|Any CPU = Ad-Hoc|Any CPU
		Ad-Hoc|ARM = Ad-Hoc|ARM
		Ad-Hoc|iPhone = Ad-Hoc|iPhone
		Ad-Hoc|iPhoneSimulator = Ad-Hoc|iPhoneSimulator
		Ad-Hoc|x64 = Ad-Hoc|x64
		Ad-Hoc|x86 = Ad-Hoc|x86
		AppStore|Any CPU = AppStore|Any CPU
		AppStore|ARM = AppStore|ARM
		AppStore|iPhone = AppStore|iPhone
		AppStore|iPhoneSimulator = AppStore|iPhoneSimulator
		AppStore|x64 = AppStore|x64
		AppStore|x86 = AppStore|x86
		Debug|Any CPU = Debug|Any CPU
		Debug|ARM = Debug|ARM
		Debug|iPhone = Debug|iPhone
		Debug|iPhoneSimulator = Debug|iPhoneSimulator
		Debug|x64 = Debug|x64
		Debug|x86 = Debug|x86
		Release|Any CPU = Release|Any CPU
		Release|ARM = Release|ARM
		Release|iPhone = Release|iPhone
		Release|iPhoneSimulator = Release|iPhoneSimulator
		Release|x64 = Release|x64
		Release|x86 = Release|x86
	EndGlobalSection
	GlobalSection(ProjectConfigurationPlatforms) = postSolution
		{B0DF4885-F357-43D5-8694-4AB5E57DADB9}.Ad-Hoc|Any CPU.ActiveCfg = Release|Any CPU
		{B0DF4885-F357-43D5-8694-4AB5E57DADB9}.Ad-Hoc|Any CPU.Build.0 = Release|Any CPU
		{B0DF4885-F357-43D5-8694-4AB5E57DADB9}.Ad-Hoc|ARM.ActiveCfg = Release|Any CPU
		{B0DF4885-F357-43D5-8694-4AB5E57DADB9}.Ad-Hoc|ARM.Build.0 = Release|Any CPU
		{B0DF4885-F357-43D5-8694-4AB5E57DADB9}.Ad-Hoc|iPhone.ActiveCfg = Release|Any CPU
		{B0DF4885-F357-43D5-8694-4AB5E57DADB9}.Ad-Hoc|iPhone.Build.0 = Release|Any CPU
		{B0DF4885-F357-43D5-8694-4AB5E57DADB9}.Ad-Hoc|iPhoneSimulator.ActiveCfg = Release|Any CPU
		{B0DF4885-F357-43D5-8694-4AB5E57DADB9}.Ad-Hoc|iPhoneSimulator.Build.0 = Release|Any CPU
		{B0DF4885-F357-43D5-8694-4AB5E57DADB9}.Ad-Hoc|x64.ActiveCfg = Release|Any CPU
		{B0DF4885-F357-43D5-8694-4AB5E57DADB9}.Ad-Hoc|x64.Build.0 = Release|Any CPU
		{B0DF4885-F357-43D5-8694-4AB5E57DADB9}.Ad-Hoc|x86.ActiveCfg = Release|Any CPU
		{B0DF4885-F357-43D5-8694-4AB5E57DADB9}.Ad-Hoc|x86.Build.0 = Release|Any CPU
		{B0DF4885-F357-43D5-8694-4AB5E57DADB9}.AppStore|Any CPU.ActiveCfg = Release|Any CPU
		{B0DF4885-F357-43D5-8694-4AB5E57DADB9}.AppStore|Any CPU.Build.0 = Release|Any CPU
		{B0DF4885-F357-43D5-8694-4AB5E57DADB9}.AppStore|ARM.ActiveCfg = Release|Any CPU
		{B0DF4885-F357-43D5-8694-4AB5E57DADB9}.AppStore|ARM.Build.0 = Release|Any CPU
		{B0DF4885-F357-43D5-8694-4AB5E57DADB9}.AppStore|iPhone.ActiveCfg = Release|Any CPU
		{B0DF4885-F357-43D5-8694-4AB5E57DADB9}.AppStore|iPhone.Build.0 = Release|Any CPU
		{B0DF4885-F357-43D5-8694-4AB5E57DADB9}.AppStore|iPhoneSimulator.ActiveCfg = Release|Any CPU
		{B0DF4885-F357-43D5-8694-4AB5E57DADB9}.AppStore|iPhoneSimulator.Build.0 = Release|Any CPU
		{B0DF4885-F357-43D5-8694-4AB5E57DADB9}.AppStore|x64.ActiveCfg = Release|Any CPU
		{B0DF4885-F357-43D5-8694-4AB5E57DADB9}.AppStore|x64.Build.0 = Release|Any CPU
		{B0DF4885-F357-43D5-8694-4AB5E57DADB9}.AppStore|x86.ActiveCfg = Release|Any CPU
		{B0DF4885-F357-43D5-8694-4AB5E57DADB9}.AppStore|x86.Build.0 = Release|Any CPU
		{B0DF4885-F357-43D5-8694-4AB5E57DADB9}.Debug|Any CPU.ActiveCfg = Debug|Any CPU
		{B0DF4885-F357-43D5-8694-4AB5E57DADB9}.Debug|Any CPU.Build.0 = Debug|Any CPU
		{B0DF4885-F357-43D5-8694-4AB5E57DADB9}.Debug|ARM.ActiveCfg = Debug|Any CPU
		{B0DF4885-F357-43D5-8694-4AB5E57DADB9}.Debug|ARM.Build.0 = Debug|Any CPU
		{B0DF4885-F357-43D5-8694-4AB5E57DADB9}.Debug|iPhone.ActiveCfg = Debug|Any CPU
		{B0DF4885-F357-43D5-8694-4AB5E57DADB9}.Debug|iPhone.Build.0 = Debug|Any CPU
		{B0DF4885-F357-43D5-8694-4AB5E57DADB9}.Debug|iPhoneSimulator.ActiveCfg = Debug|Any CPU
		{B0DF4885-F357-43D5-8694-4AB5E57DADB9}.Debug|iPhoneSimulator.Build.0 = Debug|Any CPU
		{B0DF4885-F357-43D5-8694-4AB5E57DADB9}.Debug|x64.ActiveCfg = Debug|Any CPU
		{B0DF4885-F357-43D5-8694-4AB5E57DADB9}.Debug|x64.Build.0 = Debug|Any CPU
		{B0DF4885-F357-43D5-8694-4AB5E57DADB9}.Debug|x86.ActiveCfg = Debug|Any CPU
		{B0DF4885-F357-43D5-8694-4AB5E57DADB9}.Debug|x86.Build.0 = Debug|Any CPU
		{B0DF4885-F357-43D5-8694-4AB5E57DADB9}.Release|Any CPU.ActiveCfg = Release|Any CPU
		{B0DF4885-F357-43D5-8694-4AB5E57DADB9}.Release|Any CPU.Build.0 = Release|Any CPU
		{B0DF4885-F357-43D5-8694-4AB5E57DADB9}.Release|ARM.ActiveCfg = Release|Any CPU
		{B0DF4885-F357-43D5-8694-4AB5E57DADB9}.Release|ARM.Build.0 = Release|Any CPU
		{B0DF4885-F357-43D5-8694-4AB5E57DADB9}.Release|iPhone.ActiveCfg = Release|Any CPU
		{B0DF4885-F357-43D5-8694-4AB5E57DADB9}.Release|iPhone.Build.0 = Release|Any CPU
		{B0DF4885-F357-43D5-8694-4AB5E57DADB9}.Release|iPhoneSimulator.ActiveCfg = Release|Any CPU
		{B0DF4885-F357-43D5-8694-4AB5E57DADB9}.Release|iPhoneSimulator.Build.0 = Release|Any CPU
		{B0DF4885-F357-43D5-8694-4AB5E57DADB9}.Release|x64.ActiveCfg = Release|Any CPU
		{B0DF4885-F357-43D5-8694-4AB5E57DADB9}.Release|x64.Build.0 = Release|Any CPU
		{B0DF4885-F357-43D5-8694-4AB5E57DADB9}.Release|x86.ActiveCfg = Release|Any CPU
		{B0DF4885-F357-43D5-8694-4AB5E57DADB9}.Release|x86.Build.0 = Release|Any CPU
		{5DB35497-817E-4A54-8AEC-FFA4982D49A2}.Ad-Hoc|Any CPU.ActiveCfg = Release|Any CPU
		{5DB35497-817E-4A54-8AEC-FFA4982D49A2}.Ad-Hoc|Any CPU.Build.0 = Release|Any CPU
		{5DB35497-817E-4A54-8AEC-FFA4982D49A2}.Ad-Hoc|Any CPU.Deploy.0 = Release|Any CPU
		{5DB35497-817E-4A54-8AEC-FFA4982D49A2}.Ad-Hoc|ARM.ActiveCfg = Release|Any CPU
		{5DB35497-817E-4A54-8AEC-FFA4982D49A2}.Ad-Hoc|ARM.Build.0 = Release|Any CPU
		{5DB35497-817E-4A54-8AEC-FFA4982D49A2}.Ad-Hoc|ARM.Deploy.0 = Release|Any CPU
		{5DB35497-817E-4A54-8AEC-FFA4982D49A2}.Ad-Hoc|iPhone.ActiveCfg = Release|Any CPU
		{5DB35497-817E-4A54-8AEC-FFA4982D49A2}.Ad-Hoc|iPhone.Build.0 = Release|Any CPU
		{5DB35497-817E-4A54-8AEC-FFA4982D49A2}.Ad-Hoc|iPhone.Deploy.0 = Release|Any CPU
		{5DB35497-817E-4A54-8AEC-FFA4982D49A2}.Ad-Hoc|iPhoneSimulator.ActiveCfg = Release|Any CPU
		{5DB35497-817E-4A54-8AEC-FFA4982D49A2}.Ad-Hoc|iPhoneSimulator.Build.0 = Release|Any CPU
		{5DB35497-817E-4A54-8AEC-FFA4982D49A2}.Ad-Hoc|iPhoneSimulator.Deploy.0 = Release|Any CPU
		{5DB35497-817E-4A54-8AEC-FFA4982D49A2}.Ad-Hoc|x64.ActiveCfg = Release|Any CPU
		{5DB35497-817E-4A54-8AEC-FFA4982D49A2}.Ad-Hoc|x64.Build.0 = Release|Any CPU
		{5DB35497-817E-4A54-8AEC-FFA4982D49A2}.Ad-Hoc|x64.Deploy.0 = Release|Any CPU
		{5DB35497-817E-4A54-8AEC-FFA4982D49A2}.Ad-Hoc|x86.ActiveCfg = Release|Any CPU
		{5DB35497-817E-4A54-8AEC-FFA4982D49A2}.Ad-Hoc|x86.Build.0 = Release|Any CPU
		{5DB35497-817E-4A54-8AEC-FFA4982D49A2}.Ad-Hoc|x86.Deploy.0 = Release|Any CPU
		{5DB35497-817E-4A54-8AEC-FFA4982D49A2}.AppStore|Any CPU.ActiveCfg = Release|Any CPU
		{5DB35497-817E-4A54-8AEC-FFA4982D49A2}.AppStore|Any CPU.Build.0 = Release|Any CPU
		{5DB35497-817E-4A54-8AEC-FFA4982D49A2}.AppStore|Any CPU.Deploy.0 = Release|Any CPU
		{5DB35497-817E-4A54-8AEC-FFA4982D49A2}.AppStore|ARM.ActiveCfg = Release|Any CPU
		{5DB35497-817E-4A54-8AEC-FFA4982D49A2}.AppStore|ARM.Build.0 = Release|Any CPU
		{5DB35497-817E-4A54-8AEC-FFA4982D49A2}.AppStore|ARM.Deploy.0 = Release|Any CPU
		{5DB35497-817E-4A54-8AEC-FFA4982D49A2}.AppStore|iPhone.ActiveCfg = Release|Any CPU
		{5DB35497-817E-4A54-8AEC-FFA4982D49A2}.AppStore|iPhone.Build.0 = Release|Any CPU
		{5DB35497-817E-4A54-8AEC-FFA4982D49A2}.AppStore|iPhone.Deploy.0 = Release|Any CPU
		{5DB35497-817E-4A54-8AEC-FFA4982D49A2}.AppStore|iPhoneSimulator.ActiveCfg = Release|Any CPU
		{5DB35497-817E-4A54-8AEC-FFA4982D49A2}.AppStore|iPhoneSimulator.Build.0 = Release|Any CPU
		{5DB35497-817E-4A54-8AEC-FFA4982D49A2}.AppStore|iPhoneSimulator.Deploy.0 = Release|Any CPU
		{5DB35497-817E-4A54-8AEC-FFA4982D49A2}.AppStore|x64.ActiveCfg = Release|Any CPU
		{5DB35497-817E-4A54-8AEC-FFA4982D49A2}.AppStore|x64.Build.0 = Release|Any CPU
		{5DB35497-817E-4A54-8AEC-FFA4982D49A2}.AppStore|x64.Deploy.0 = Release|Any CPU
		{5DB35497-817E-4A54-8AEC-FFA4982D49A2}.AppStore|x86.ActiveCfg = Release|Any CPU
		{5DB35497-817E-4A54-8AEC-FFA4982D49A2}.AppStore|x86.Build.0 = Release|Any CPU
		{5DB35497-817E-4A54-8AEC-FFA4982D49A2}.AppStore|x86.Deploy.0 = Release|Any CPU
		{5DB35497-817E-4A54-8AEC-FFA4982D49A2}.Debug|Any CPU.ActiveCfg = Debug|Any CPU
		{5DB35497-817E-4A54-8AEC-FFA4982D49A2}.Debug|Any CPU.Build.0 = Debug|Any CPU
		{5DB35497-817E-4A54-8AEC-FFA4982D49A2}.Debug|Any CPU.Deploy.0 = Debug|Any CPU
		{5DB35497-817E-4A54-8AEC-FFA4982D49A2}.Debug|ARM.ActiveCfg = Debug|Any CPU
		{5DB35497-817E-4A54-8AEC-FFA4982D49A2}.Debug|ARM.Build.0 = Debug|Any CPU
		{5DB35497-817E-4A54-8AEC-FFA4982D49A2}.Debug|ARM.Deploy.0 = Debug|Any CPU
		{5DB35497-817E-4A54-8AEC-FFA4982D49A2}.Debug|iPhone.ActiveCfg = Debug|Any CPU
		{5DB35497-817E-4A54-8AEC-FFA4982D49A2}.Debug|iPhone.Build.0 = Debug|Any CPU
		{5DB35497-817E-4A54-8AEC-FFA4982D49A2}.Debug|iPhone.Deploy.0 = Debug|Any CPU
		{5DB35497-817E-4A54-8AEC-FFA4982D49A2}.Debug|iPhoneSimulator.ActiveCfg = Debug|Any CPU
		{5DB35497-817E-4A54-8AEC-FFA4982D49A2}.Debug|iPhoneSimulator.Build.0 = Debug|Any CPU
		{5DB35497-817E-4A54-8AEC-FFA4982D49A2}.Debug|iPhoneSimulator.Deploy.0 = Debug|Any CPU
		{5DB35497-817E-4A54-8AEC-FFA4982D49A2}.Debug|x64.ActiveCfg = Debug|Any CPU
		{5DB35497-817E-4A54-8AEC-FFA4982D49A2}.Debug|x64.Build.0 = Debug|Any CPU
		{5DB35497-817E-4A54-8AEC-FFA4982D49A2}.Debug|x64.Deploy.0 = Debug|Any CPU
		{5DB35497-817E-4A54-8AEC-FFA4982D49A2}.Debug|x86.ActiveCfg = Debug|Any CPU
		{5DB35497-817E-4A54-8AEC-FFA4982D49A2}.Debug|x86.Build.0 = Debug|Any CPU
		{5DB35497-817E-4A54-8AEC-FFA4982D49A2}.Debug|x86.Deploy.0 = Debug|Any CPU
		{5DB35497-817E-4A54-8AEC-FFA4982D49A2}.Release|Any CPU.ActiveCfg = Release|Any CPU
		{5DB35497-817E-4A54-8AEC-FFA4982D49A2}.Release|Any CPU.Build.0 = Release|Any CPU
		{5DB35497-817E-4A54-8AEC-FFA4982D49A2}.Release|Any CPU.Deploy.0 = Release|Any CPU
		{5DB35497-817E-4A54-8AEC-FFA4982D49A2}.Release|ARM.ActiveCfg = Release|Any CPU
		{5DB35497-817E-4A54-8AEC-FFA4982D49A2}.Release|ARM.Build.0 = Release|Any CPU
		{5DB35497-817E-4A54-8AEC-FFA4982D49A2}.Release|ARM.Deploy.0 = Release|Any CPU
		{5DB35497-817E-4A54-8AEC-FFA4982D49A2}.Release|iPhone.ActiveCfg = Release|Any CPU
		{5DB35497-817E-4A54-8AEC-FFA4982D49A2}.Release|iPhone.Build.0 = Release|Any CPU
		{5DB35497-817E-4A54-8AEC-FFA4982D49A2}.Release|iPhone.Deploy.0 = Release|Any CPU
		{5DB35497-817E-4A54-8AEC-FFA4982D49A2}.Release|iPhoneSimulator.ActiveCfg = Release|Any CPU
		{5DB35497-817E-4A54-8AEC-FFA4982D49A2}.Release|iPhoneSimulator.Build.0 = Release|Any CPU
		{5DB35497-817E-4A54-8AEC-FFA4982D49A2}.Release|iPhoneSimulator.Deploy.0 = Release|Any CPU
		{5DB35497-817E-4A54-8AEC-FFA4982D49A2}.Release|x64.ActiveCfg = Release|Any CPU
		{5DB35497-817E-4A54-8AEC-FFA4982D49A2}.Release|x64.Build.0 = Release|Any CPU
		{5DB35497-817E-4A54-8AEC-FFA4982D49A2}.Release|x64.Deploy.0 = Release|Any CPU
		{5DB35497-817E-4A54-8AEC-FFA4982D49A2}.Release|x86.ActiveCfg = Release|Any CPU
		{5DB35497-817E-4A54-8AEC-FFA4982D49A2}.Release|x86.Build.0 = Release|Any CPU
		{5DB35497-817E-4A54-8AEC-FFA4982D49A2}.Release|x86.Deploy.0 = Release|Any CPU
		{0016D832-4497-4AD4-AC0C-5F716E17F5DE}.Ad-Hoc|Any CPU.ActiveCfg = Release|x86
		{0016D832-4497-4AD4-AC0C-5F716E17F5DE}.Ad-Hoc|Any CPU.Build.0 = Release|x86
		{0016D832-4497-4AD4-AC0C-5F716E17F5DE}.Ad-Hoc|Any CPU.Deploy.0 = Release|x86
		{0016D832-4497-4AD4-AC0C-5F716E17F5DE}.Ad-Hoc|ARM.ActiveCfg = Release|ARM
		{0016D832-4497-4AD4-AC0C-5F716E17F5DE}.Ad-Hoc|ARM.Build.0 = Release|ARM
		{0016D832-4497-4AD4-AC0C-5F716E17F5DE}.Ad-Hoc|ARM.Deploy.0 = Release|ARM
		{0016D832-4497-4AD4-AC0C-5F716E17F5DE}.Ad-Hoc|iPhone.ActiveCfg = Release|x86
		{0016D832-4497-4AD4-AC0C-5F716E17F5DE}.Ad-Hoc|iPhone.Build.0 = Release|x86
		{0016D832-4497-4AD4-AC0C-5F716E17F5DE}.Ad-Hoc|iPhone.Deploy.0 = Release|x86
		{0016D832-4497-4AD4-AC0C-5F716E17F5DE}.Ad-Hoc|iPhoneSimulator.ActiveCfg = Release|x86
		{0016D832-4497-4AD4-AC0C-5F716E17F5DE}.Ad-Hoc|iPhoneSimulator.Build.0 = Release|x86
		{0016D832-4497-4AD4-AC0C-5F716E17F5DE}.Ad-Hoc|iPhoneSimulator.Deploy.0 = Release|x86
		{0016D832-4497-4AD4-AC0C-5F716E17F5DE}.Ad-Hoc|x64.ActiveCfg = Release|x64
		{0016D832-4497-4AD4-AC0C-5F716E17F5DE}.Ad-Hoc|x64.Build.0 = Release|x64
		{0016D832-4497-4AD4-AC0C-5F716E17F5DE}.Ad-Hoc|x64.Deploy.0 = Release|x64
		{0016D832-4497-4AD4-AC0C-5F716E17F5DE}.Ad-Hoc|x86.ActiveCfg = Release|x86
		{0016D832-4497-4AD4-AC0C-5F716E17F5DE}.Ad-Hoc|x86.Build.0 = Release|x86
		{0016D832-4497-4AD4-AC0C-5F716E17F5DE}.Ad-Hoc|x86.Deploy.0 = Release|x86
		{0016D832-4497-4AD4-AC0C-5F716E17F5DE}.AppStore|Any CPU.ActiveCfg = Release|x86
		{0016D832-4497-4AD4-AC0C-5F716E17F5DE}.AppStore|Any CPU.Build.0 = Release|x86
		{0016D832-4497-4AD4-AC0C-5F716E17F5DE}.AppStore|Any CPU.Deploy.0 = Release|x86
		{0016D832-4497-4AD4-AC0C-5F716E17F5DE}.AppStore|ARM.ActiveCfg = Release|ARM
		{0016D832-4497-4AD4-AC0C-5F716E17F5DE}.AppStore|ARM.Build.0 = Release|ARM
		{0016D832-4497-4AD4-AC0C-5F716E17F5DE}.AppStore|ARM.Deploy.0 = Release|ARM
		{0016D832-4497-4AD4-AC0C-5F716E17F5DE}.AppStore|iPhone.ActiveCfg = Release|x86
		{0016D832-4497-4AD4-AC0C-5F716E17F5DE}.AppStore|iPhone.Build.0 = Release|x86
		{0016D832-4497-4AD4-AC0C-5F716E17F5DE}.AppStore|iPhone.Deploy.0 = Release|x86
		{0016D832-4497-4AD4-AC0C-5F716E17F5DE}.AppStore|iPhoneSimulator.ActiveCfg = Release|x86
		{0016D832-4497-4AD4-AC0C-5F716E17F5DE}.AppStore|iPhoneSimulator.Build.0 = Release|x86
		{0016D832-4497-4AD4-AC0C-5F716E17F5DE}.AppStore|iPhoneSimulator.Deploy.0 = Release|x86
		{0016D832-4497-4AD4-AC0C-5F716E17F5DE}.AppStore|x64.ActiveCfg = Release|x64
		{0016D832-4497-4AD4-AC0C-5F716E17F5DE}.AppStore|x64.Build.0 = Release|x64
		{0016D832-4497-4AD4-AC0C-5F716E17F5DE}.AppStore|x64.Deploy.0 = Release|x64
		{0016D832-4497-4AD4-AC0C-5F716E17F5DE}.AppStore|x86.ActiveCfg = Release|x86
		{0016D832-4497-4AD4-AC0C-5F716E17F5DE}.AppStore|x86.Build.0 = Release|x86
		{0016D832-4497-4AD4-AC0C-5F716E17F5DE}.AppStore|x86.Deploy.0 = Release|x86
		{0016D832-4497-4AD4-AC0C-5F716E17F5DE}.Debug|Any CPU.ActiveCfg = Debug|x86
		{0016D832-4497-4AD4-AC0C-5F716E17F5DE}.Debug|ARM.ActiveCfg = Debug|ARM
		{0016D832-4497-4AD4-AC0C-5F716E17F5DE}.Debug|ARM.Build.0 = Debug|ARM
		{0016D832-4497-4AD4-AC0C-5F716E17F5DE}.Debug|ARM.Deploy.0 = Debug|ARM
		{0016D832-4497-4AD4-AC0C-5F716E17F5DE}.Debug|iPhone.ActiveCfg = Debug|x86
		{0016D832-4497-4AD4-AC0C-5F716E17F5DE}.Debug|iPhoneSimulator.ActiveCfg = Debug|x86
		{0016D832-4497-4AD4-AC0C-5F716E17F5DE}.Debug|x64.ActiveCfg = Debug|x64
		{0016D832-4497-4AD4-AC0C-5F716E17F5DE}.Debug|x64.Build.0 = Debug|x64
		{0016D832-4497-4AD4-AC0C-5F716E17F5DE}.Debug|x64.Deploy.0 = Debug|x64
		{0016D832-4497-4AD4-AC0C-5F716E17F5DE}.Debug|x86.ActiveCfg = Debug|x86
		{0016D832-4497-4AD4-AC0C-5F716E17F5DE}.Debug|x86.Build.0 = Debug|x86
		{0016D832-4497-4AD4-AC0C-5F716E17F5DE}.Debug|x86.Deploy.0 = Debug|x86
		{0016D832-4497-4AD4-AC0C-5F716E17F5DE}.Release|Any CPU.ActiveCfg = Release|x86
		{0016D832-4497-4AD4-AC0C-5F716E17F5DE}.Release|ARM.ActiveCfg = Release|ARM
		{0016D832-4497-4AD4-AC0C-5F716E17F5DE}.Release|ARM.Build.0 = Release|ARM
		{0016D832-4497-4AD4-AC0C-5F716E17F5DE}.Release|ARM.Deploy.0 = Release|ARM
		{0016D832-4497-4AD4-AC0C-5F716E17F5DE}.Release|iPhone.ActiveCfg = Release|x86
		{0016D832-4497-4AD4-AC0C-5F716E17F5DE}.Release|iPhoneSimulator.ActiveCfg = Release|x86
		{0016D832-4497-4AD4-AC0C-5F716E17F5DE}.Release|x64.ActiveCfg = Release|x64
		{0016D832-4497-4AD4-AC0C-5F716E17F5DE}.Release|x64.Build.0 = Release|x64
		{0016D832-4497-4AD4-AC0C-5F716E17F5DE}.Release|x64.Deploy.0 = Release|x64
		{0016D832-4497-4AD4-AC0C-5F716E17F5DE}.Release|x86.ActiveCfg = Release|x86
		{0016D832-4497-4AD4-AC0C-5F716E17F5DE}.Release|x86.Build.0 = Release|x86
		{0016D832-4497-4AD4-AC0C-5F716E17F5DE}.Release|x86.Deploy.0 = Release|x86
		{07C1E33D-14BC-4D0F-91C8-2B06E8C573CE}.Ad-Hoc|Any CPU.ActiveCfg = Release|Any CPU
		{07C1E33D-14BC-4D0F-91C8-2B06E8C573CE}.Ad-Hoc|Any CPU.Build.0 = Release|Any CPU
		{07C1E33D-14BC-4D0F-91C8-2B06E8C573CE}.Ad-Hoc|Any CPU.Deploy.0 = Release|Any CPU
		{07C1E33D-14BC-4D0F-91C8-2B06E8C573CE}.Ad-Hoc|ARM.ActiveCfg = Release|ARM
		{07C1E33D-14BC-4D0F-91C8-2B06E8C573CE}.Ad-Hoc|ARM.Build.0 = Release|ARM
		{07C1E33D-14BC-4D0F-91C8-2B06E8C573CE}.Ad-Hoc|ARM.Deploy.0 = Release|ARM
		{07C1E33D-14BC-4D0F-91C8-2B06E8C573CE}.Ad-Hoc|iPhone.ActiveCfg = Release|Any CPU
		{07C1E33D-14BC-4D0F-91C8-2B06E8C573CE}.Ad-Hoc|iPhone.Build.0 = Release|Any CPU
		{07C1E33D-14BC-4D0F-91C8-2B06E8C573CE}.Ad-Hoc|iPhone.Deploy.0 = Release|Any CPU
		{07C1E33D-14BC-4D0F-91C8-2B06E8C573CE}.Ad-Hoc|iPhoneSimulator.ActiveCfg = Release|Any CPU
		{07C1E33D-14BC-4D0F-91C8-2B06E8C573CE}.Ad-Hoc|iPhoneSimulator.Build.0 = Release|Any CPU
		{07C1E33D-14BC-4D0F-91C8-2B06E8C573CE}.Ad-Hoc|iPhoneSimulator.Deploy.0 = Release|Any CPU
		{07C1E33D-14BC-4D0F-91C8-2B06E8C573CE}.Ad-Hoc|x64.ActiveCfg = Release|x64
		{07C1E33D-14BC-4D0F-91C8-2B06E8C573CE}.Ad-Hoc|x64.Build.0 = Release|x64
		{07C1E33D-14BC-4D0F-91C8-2B06E8C573CE}.Ad-Hoc|x64.Deploy.0 = Release|x64
		{07C1E33D-14BC-4D0F-91C8-2B06E8C573CE}.Ad-Hoc|x86.ActiveCfg = Release|x86
		{07C1E33D-14BC-4D0F-91C8-2B06E8C573CE}.Ad-Hoc|x86.Build.0 = Release|x86
		{07C1E33D-14BC-4D0F-91C8-2B06E8C573CE}.Ad-Hoc|x86.Deploy.0 = Release|x86
		{07C1E33D-14BC-4D0F-91C8-2B06E8C573CE}.AppStore|Any CPU.ActiveCfg = Release|Any CPU
		{07C1E33D-14BC-4D0F-91C8-2B06E8C573CE}.AppStore|Any CPU.Build.0 = Release|Any CPU
		{07C1E33D-14BC-4D0F-91C8-2B06E8C573CE}.AppStore|Any CPU.Deploy.0 = Release|Any CPU
		{07C1E33D-14BC-4D0F-91C8-2B06E8C573CE}.AppStore|ARM.ActiveCfg = Release|ARM
		{07C1E33D-14BC-4D0F-91C8-2B06E8C573CE}.AppStore|ARM.Build.0 = Release|ARM
		{07C1E33D-14BC-4D0F-91C8-2B06E8C573CE}.AppStore|ARM.Deploy.0 = Release|ARM
		{07C1E33D-14BC-4D0F-91C8-2B06E8C573CE}.AppStore|iPhone.ActiveCfg = Release|Any CPU
		{07C1E33D-14BC-4D0F-91C8-2B06E8C573CE}.AppStore|iPhone.Build.0 = Release|Any CPU
		{07C1E33D-14BC-4D0F-91C8-2B06E8C573CE}.AppStore|iPhone.Deploy.0 = Release|Any CPU
		{07C1E33D-14BC-4D0F-91C8-2B06E8C573CE}.AppStore|iPhoneSimulator.ActiveCfg = Release|Any CPU
		{07C1E33D-14BC-4D0F-91C8-2B06E8C573CE}.AppStore|iPhoneSimulator.Build.0 = Release|Any CPU
		{07C1E33D-14BC-4D0F-91C8-2B06E8C573CE}.AppStore|iPhoneSimulator.Deploy.0 = Release|Any CPU
		{07C1E33D-14BC-4D0F-91C8-2B06E8C573CE}.AppStore|x64.ActiveCfg = Release|x64
		{07C1E33D-14BC-4D0F-91C8-2B06E8C573CE}.AppStore|x64.Build.0 = Release|x64
		{07C1E33D-14BC-4D0F-91C8-2B06E8C573CE}.AppStore|x64.Deploy.0 = Release|x64
		{07C1E33D-14BC-4D0F-91C8-2B06E8C573CE}.AppStore|x86.ActiveCfg = Release|x86
		{07C1E33D-14BC-4D0F-91C8-2B06E8C573CE}.AppStore|x86.Build.0 = Release|x86
		{07C1E33D-14BC-4D0F-91C8-2B06E8C573CE}.AppStore|x86.Deploy.0 = Release|x86
		{07C1E33D-14BC-4D0F-91C8-2B06E8C573CE}.Debug|Any CPU.ActiveCfg = Debug|Any CPU
		{07C1E33D-14BC-4D0F-91C8-2B06E8C573CE}.Debug|Any CPU.Build.0 = Debug|Any CPU
		{07C1E33D-14BC-4D0F-91C8-2B06E8C573CE}.Debug|Any CPU.Deploy.0 = Debug|Any CPU
		{07C1E33D-14BC-4D0F-91C8-2B06E8C573CE}.Debug|ARM.ActiveCfg = Debug|ARM
		{07C1E33D-14BC-4D0F-91C8-2B06E8C573CE}.Debug|ARM.Build.0 = Debug|ARM
		{07C1E33D-14BC-4D0F-91C8-2B06E8C573CE}.Debug|ARM.Deploy.0 = Debug|ARM
		{07C1E33D-14BC-4D0F-91C8-2B06E8C573CE}.Debug|iPhone.ActiveCfg = Debug|Any CPU
		{07C1E33D-14BC-4D0F-91C8-2B06E8C573CE}.Debug|iPhone.Build.0 = Debug|Any CPU
		{07C1E33D-14BC-4D0F-91C8-2B06E8C573CE}.Debug|iPhone.Deploy.0 = Debug|Any CPU
		{07C1E33D-14BC-4D0F-91C8-2B06E8C573CE}.Debug|iPhoneSimulator.ActiveCfg = Debug|Any CPU
		{07C1E33D-14BC-4D0F-91C8-2B06E8C573CE}.Debug|iPhoneSimulator.Build.0 = Debug|Any CPU
		{07C1E33D-14BC-4D0F-91C8-2B06E8C573CE}.Debug|iPhoneSimulator.Deploy.0 = Debug|Any CPU
		{07C1E33D-14BC-4D0F-91C8-2B06E8C573CE}.Debug|x64.ActiveCfg = Debug|x64
		{07C1E33D-14BC-4D0F-91C8-2B06E8C573CE}.Debug|x64.Build.0 = Debug|x64
		{07C1E33D-14BC-4D0F-91C8-2B06E8C573CE}.Debug|x64.Deploy.0 = Debug|x64
		{07C1E33D-14BC-4D0F-91C8-2B06E8C573CE}.Debug|x86.ActiveCfg = Debug|x86
		{07C1E33D-14BC-4D0F-91C8-2B06E8C573CE}.Debug|x86.Build.0 = Debug|x86
		{07C1E33D-14BC-4D0F-91C8-2B06E8C573CE}.Debug|x86.Deploy.0 = Debug|x86
		{07C1E33D-14BC-4D0F-91C8-2B06E8C573CE}.Release|Any CPU.ActiveCfg = Release|Any CPU
		{07C1E33D-14BC-4D0F-91C8-2B06E8C573CE}.Release|Any CPU.Build.0 = Release|Any CPU
		{07C1E33D-14BC-4D0F-91C8-2B06E8C573CE}.Release|Any CPU.Deploy.0 = Release|Any CPU
		{07C1E33D-14BC-4D0F-91C8-2B06E8C573CE}.Release|ARM.ActiveCfg = Release|ARM
		{07C1E33D-14BC-4D0F-91C8-2B06E8C573CE}.Release|ARM.Build.0 = Release|ARM
		{07C1E33D-14BC-4D0F-91C8-2B06E8C573CE}.Release|ARM.Deploy.0 = Release|ARM
		{07C1E33D-14BC-4D0F-91C8-2B06E8C573CE}.Release|iPhone.ActiveCfg = Release|Any CPU
		{07C1E33D-14BC-4D0F-91C8-2B06E8C573CE}.Release|iPhone.Build.0 = Release|Any CPU
		{07C1E33D-14BC-4D0F-91C8-2B06E8C573CE}.Release|iPhone.Deploy.0 = Release|Any CPU
		{07C1E33D-14BC-4D0F-91C8-2B06E8C573CE}.Release|iPhoneSimulator.ActiveCfg = Release|Any CPU
		{07C1E33D-14BC-4D0F-91C8-2B06E8C573CE}.Release|iPhoneSimulator.Build.0 = Release|Any CPU
		{07C1E33D-14BC-4D0F-91C8-2B06E8C573CE}.Release|iPhoneSimulator.Deploy.0 = Release|Any CPU
		{07C1E33D-14BC-4D0F-91C8-2B06E8C573CE}.Release|x64.ActiveCfg = Release|x64
		{07C1E33D-14BC-4D0F-91C8-2B06E8C573CE}.Release|x64.Build.0 = Release|x64
		{07C1E33D-14BC-4D0F-91C8-2B06E8C573CE}.Release|x64.Deploy.0 = Release|x64
		{07C1E33D-14BC-4D0F-91C8-2B06E8C573CE}.Release|x86.ActiveCfg = Release|x86
		{07C1E33D-14BC-4D0F-91C8-2B06E8C573CE}.Release|x86.Build.0 = Release|x86
		{07C1E33D-14BC-4D0F-91C8-2B06E8C573CE}.Release|x86.Deploy.0 = Release|x86
	EndGlobalSection
	GlobalSection(SolutionProperties) = preSolution
		HideSolutionNode = FALSE
	EndGlobalSection
EndGlobal
